// !$*UTF8*$!
{
	archiveVersion = 1;
	classes = {
	};
	objectVersion = 50;
	objects = {

/* Begin PBXBuildFile section */
		DCBA20D82196CAED00261817 /* AppDelegate.swift in Sources */ = {isa = PBXBuildFile; fileRef = DCBA20D72196CAED00261817 /* AppDelegate.swift */; };
		DCBA20DA2196CAED00261817 /* ViewController.swift in Sources */ = {isa = PBXBuildFile; fileRef = DCBA20D92196CAED00261817 /* ViewController.swift */; };
		DCBA20DD2196CAED00261817 /* Main.storyboard in Resources */ = {isa = PBXBuildFile; fileRef = DCBA20DB2196CAED00261817 /* Main.storyboard */; };
		DCBA20E02196CAED00261817 /* CarPooling.xcdatamodeld in Sources */ = {isa = PBXBuildFile; fileRef = DCBA20DE2196CAED00261817 /* CarPooling.xcdatamodeld */; };
		DCBA20E22196CAEF00261817 /* Assets.xcassets in Resources */ = {isa = PBXBuildFile; fileRef = DCBA20E12196CAEF00261817 /* Assets.xcassets */; };
		DCBA20E52196CAEF00261817 /* LaunchScreen.storyboard in Resources */ = {isa = PBXBuildFile; fileRef = DCBA20E32196CAEF00261817 /* LaunchScreen.storyboard */; };
/* End PBXBuildFile section */

/* Begin PBXFileReference section */
		DCBA20D42196CAED00261817 /* CarPooling.app */ = {isa = PBXFileReference; explicitFileType = wrapper.application; includeInIndex = 0; path = CarPooling.app; sourceTree = BUILT_PRODUCTS_DIR; };
		DCBA20D72196CAED00261817 /* AppDelegate.swift */ = {isa = PBXFileReference; lastKnownFileType = sourcecode.swift; path = AppDelegate.swift; sourceTree = "<group>"; };
		DCBA20D92196CAED00261817 /* ViewController.swift */ = {isa = PBXFileReference; lastKnownFileType = sourcecode.swift; path = ViewController.swift; sourceTree = "<group>"; };
		DCBA20DC2196CAED00261817 /* Base */ = {isa = PBXFileReference; lastKnownFileType = file.storyboard; name = Base; path = Base.lproj/Main.storyboard; sourceTree = "<group>"; };
		DCBA20DF2196CAED00261817 /* CarPooling.xcdatamodel */ = {isa = PBXFileReference; lastKnownFileType = wrapper.xcdatamodel; path = CarPooling.xcdatamodel; sourceTree = "<group>"; };
		DCBA20E12196CAEF00261817 /* Assets.xcassets */ = {isa = PBXFileReference; lastKnownFileType = folder.assetcatalog; path = Assets.xcassets; sourceTree = "<group>"; };
		DCBA20E42196CAEF00261817 /* Base */ = {isa = PBXFileReference; lastKnownFileType = file.storyboard; name = Base; path = Base.lproj/LaunchScreen.storyboard; sourceTree = "<group>"; };
		DCBA20E62196CAEF00261817 /* Info.plist */ = {isa = PBXFileReference; lastKnownFileType = text.plist.xml; path = Info.plist; sourceTree = "<group>"; };
/* End PBXFileReference section */

/* Begin PBXFrameworksBuildPhase section */
		DCBA20D12196CAED00261817 /* Frameworks */ = {
			isa = PBXFrameworksBuildPhase;
			buildActionMask = 2147483647;
			files = (
			);
			runOnlyForDeploymentPostprocessing = 0;
		};
/* End PBXFrameworksBuildPhase section */

/* Begin PBXGroup section */
		DCBA20CB2196CAED00261817 = {
			isa = PBXGroup;
			children = (
				DCBA20D62196CAED00261817 /* CarPooling */,
				DCBA20D52196CAED00261817 /* Products */,
			);
			sourceTree = "<group>";
		};
		DCBA20D52196CAED00261817 /* Products */ = {
			isa = PBXGroup;
			children = (
				DCBA20D42196CAED00261817 /* CarPooling.app */,
			);
			name = Products;
			sourceTree = "<group>";
		};
		DCBA20D62196CAED00261817 /* CarPooling */ = {
			isa = PBXGroup;
			children = (
				DCBA20D72196CAED00261817 /* AppDelegate.swift */,
				DCBA20D92196CAED00261817 /* ViewController.swift */,
				DCBA20DB2196CAED00261817 /* Main.storyboard */,
				DCBA20E12196CAEF00261817 /* Assets.xcassets */,
				DCBA20E32196CAEF00261817 /* LaunchScreen.storyboard */,
				DCBA20E62196CAEF00261817 /* Info.plist */,
				DCBA20DE2196CAED00261817 /* CarPooling.xcdatamodeld */,
			);
			path = CarPooling;
			sourceTree = "<group>";
		};
/* End PBXGroup section */

/* Begin PBXNativeTarget section */
		DCBA20D32196CAED00261817 /* CarPooling */ = {
			isa = PBXNativeTarget;
			buildConfigurationList = DCBA20E92196CAEF00261817 /* Build configuration list for PBXNativeTarget "CarPooling" */;
			buildPhases = (
				DCBA20D02196CAED00261817 /* Sources */,
				DCBA20D12196CAED00261817 /* Frameworks */,
				DCBA20D22196CAED00261817 /* Resources */,
			);
			buildRules = (
			);
			dependencies = (
			);
			name = CarPooling;
			productName = CarPooling;
			productReference = DCBA20D42196CAED00261817 /* CarPooling.app */;
			productType = "com.apple.product-type.application";
		};
/* End PBXNativeTarget section */

/* Begin PBXProject section */
		DCBA20CC2196CAED00261817 /* Project object */ = {
			isa = PBXProject;
			attributes = {
				LastSwiftUpdateCheck = 1000;
				LastUpgradeCheck = 1000;
				ORGANIZATIONNAME = "Ajay Vyas";
				TargetAttributes = {
					DCBA20D32196CAED00261817 = {
						CreatedOnToolsVersion = 10.0;
					};
				};
			};
			buildConfigurationList = DCBA20CF2196CAED00261817 /* Build configuration list for PBXProject "CarPooling" */;
			compatibilityVersion = "Xcode 9.3";
			developmentRegion = en;
			hasScannedForEncodings = 0;
			knownRegions = (
				en,
				Base,
			);
			mainGroup = DCBA20CB2196CAED00261817;
			productRefGroup = DCBA20D52196CAED00261817 /* Products */;
			projectDirPath = "";
			projectRoot = "";
			targets = (
				DCBA20D32196CAED00261817 /* CarPooling */,
			);
		};
/* End PBXProject section */

/* Begin PBXResourcesBuildPhase section */
		DCBA20D22196CAED00261817 /* Resources */ = {
			isa = PBXResourcesBuildPhase;
			buildActionMask = 2147483647;
			files = (
				DCBA20E52196CAEF00261817 /* LaunchScreen.storyboard in Resources */,
				DCBA20E22196CAEF00261817 /* Assets.xcassets in Resources */,
				DCBA20DD2196CAED00261817 /* Main.storyboard in Resources */,
			);
			runOnlyForDeploymentPostprocessing = 0;
		};
/* End PBXResourcesBuildPhase section */

/* Begin PBXSourcesBuildPhase section */
		DCBA20D02196CAED00261817 /* Sources */ = {
			isa = PBXSourcesBuildPhase;
			buildActionMask = 2147483647;
			files = (
				DCBA20E02196CAED00261817 /* CarPooling.xcdatamodeld in Sources */,
				DCBA20DA2196CAED00261817 /* ViewController.swift in Sources */,
				DCBA20D82196CAED00261817 /* AppDelegate.swift in Sources */,
			);
			runOnlyForDeploymentPostprocessing = 0;
		};
/* End PBXSourcesBuildPhase section */

/* Begin PBXVariantGroup section */
		DCBA20DB2196CAED00261817 /* Main.storyboard */ = {
			isa = PBXVariantGroup;
			children = (
				DCBA20DC2196CAED00261817 /* Base */,
			);
			name = Main.storyboard;
			sourceTree = "<group>";
		};
		DCBA20E32196CAEF00261817 /* LaunchScreen.storyboard */ = {
			isa = PBXVariantGroup;
			children = (
				DCBA20E42196CAEF00261817 /* Base */,
			);
			name = LaunchScreen.storyboard;
			sourceTree = "<group>";
		};
/* End PBXVariantGroup section */

/* Begin XCBuildConfiguration section */
		DCBA20E72196CAEF00261817 /* Debug */ = {
			isa = XCBuildConfiguration;
			buildSettings = {
				ALWAYS_SEARCH_USER_PATHS = NO;
				CLANG_ANALYZER_NONNULL = YES;
				CLANG_ANALYZER_NUMBER_OBJECT_CONVERSION = YES_AGGRESSIVE;
				CLANG_CXX_LANGUAGE_STANDARD = "gnu++14";
				CLANG_CXX_LIBRARY = "libc++";
				CLANG_ENABLE_MODULES = YES;
				CLANG_ENABLE_OBJC_ARC = YES;
				CLANG_ENABLE_OBJC_WEAK = YES;
				CLANG_WARN_BLOCK_CAPTURE_AUTORELEASING = YES;
				CLANG_WARN_BOOL_CONVERSION = YES;
				CLANG_WARN_COMMA = YES;
				CLANG_WARN_CONSTANT_CONVERSION = YES;
				CLANG_WARN_DEPRECATED_OBJC_IMPLEMENTATIONS = YES;
				CLANG_WARN_DIRECT_OBJC_ISA_USAGE = YES_ERROR;
				CLANG_WARN_DOCUMENTATION_COMMENTS = YES;
				CLANG_WARN_EMPTY_BODY = YES;
				CLANG_WARN_ENUM_CONVERSION = YES;
				CLANG_WARN_INFINITE_RECURSION = YES;
				CLANG_WARN_INT_CONVERSION = YES;
				CLANG_WARN_NON_LITERAL_NULL_CONVERSION = YES;
				CLANG_WARN_OBJC_IMPLICIT_RETAIN_SELF = YES;
				CLANG_WARN_OBJC_LITERAL_CONVERSION = YES;
				CLANG_WARN_OBJC_ROOT_CLASS = YES_ERROR;
				CLANG_WARN_RANGE_LOOP_ANALYSIS = YES;
				CLANG_WARN_STRICT_PROTOTYPES = YES;
				CLANG_WARN_SUSPICIOUS_MOVE = YES;
				CLANG_WARN_UNGUARDED_AVAILABILITY = YES_AGGRESSIVE;
				CLANG_WARN_UNREACHABLE_CODE = YES;
				CLANG_WARN__DUPLICATE_METHOD_MATCH = YES;
				CODE_SIGN_IDENTITY = "iPhone Developer";
				COPY_PHASE_STRIP = NO;
				DEBUG_INFORMATION_FORMAT = dwarf;
				ENABLE_STRICT_OBJC_MSGSEND = YES;
				ENABLE_TESTABILITY = YES;
				GCC_C_LANGUAGE_STANDARD = gnu11;
				GCC_DYNAMIC_NO_PIC = NO;
				GCC_NO_COMMON_BLOCKS = YES;
				GCC_OPTIMIZATION_LEVEL = 0;
				GCC_PREPROCESSOR_DEFINITIONS = (
					"DEBUG=1",
					"$(inherited)",
				);
				GCC_WARN_64_TO_32_BIT_CONVERSION = YES;
				GCC_WARN_ABOUT_RETURN_TYPE = YES_ERROR;
				GCC_WARN_UNDECLARED_SELECTOR = YES;
				GCC_WARN_UNINITIALIZED_AUTOS = YES_AGGRESSIVE;
				GCC_WARN_UNUSED_FUNCTION = YES;
				GCC_WARN_UNUSED_VARIABLE = YES;
				IPHONEOS_DEPLOYMENT_TARGET = 12.0;
				MTL_ENABLE_DEBUG_INFO = INCLUDE_SOURCE;
				MTL_FAST_MATH = YES;
				ONLY_ACTIVE_ARCH = YES;
				SDKROOT = iphoneos;
				SWIFT_ACTIVE_COMPILATION_CONDITIONS = DEBUG;
				SWIFT_OPTIMIZATION_LEVEL = "-Onone";
			};
			name = Debug;
		};
		DCBA20E82196CAEF00261817 /* Release */ = {
			isa = XCBuildConfiguration;
			buildSettings = {
				ALWAYS_SEARCH_USER_PATHS = NO;
				CLANG_ANALYZER_NONNULL = YES;
				CLANG_ANALYZER_NUMBER_OBJECT_CONVERSION = YES_AGGRESSIVE;
				CLANG_CXX_LANGUAGE_STANDARD = "gnu++14";
				CLANG_CXX_LIBRARY = "libc++";
				CLANG_ENABLE_MODULES = YES;
				CLANG_ENABLE_OBJC_ARC = YES;
				CLANG_ENABLE_OBJC_WEAK = YES;
				CLANG_WARN_BLOCK_CAPTURE_AUTORELEASING = YES;
				CLANG_WARN_BOOL_CONVERSION = YES;
				CLANG_WARN_COMMA = YES;
				CLANG_WARN_CONSTANT_CONVERSION = YES;
				CLANG_WARN_DEPRECATED_OBJC_IMPLEMENTATIONS = YES;
				CLANG_WARN_DIRECT_OBJC_ISA_USAGE = YES_ERROR;
				CLANG_WARN_DOCUMENTATION_COMMENTS = YES;
				CLANG_WARN_EMPTY_BODY = YES;
				CLANG_WARN_ENUM_CONVERSION = YES;
				CLANG_WARN_INFINITE_RECURSION = YES;
				CLANG_WARN_INT_CONVERSION = YES;
				CLANG_WARN_NON_LITERAL_NULL_CONVERSION = YES;
				CLANG_WARN_OBJC_IMPLICIT_RETAIN_SELF = YES;
				CLANG_WARN_OBJC_LITERAL_CONVERSION = YES;
				CLANG_WARN_OBJC_ROOT_CLASS = YES_ERROR;
				CLANG_WARN_RANGE_LOOP_ANALYSIS = YES;
				CLANG_WARN_STRICT_PROTOTYPES = YES;
				CLANG_WARN_SUSPICIOUS_MOVE = YES;
				CLANG_WARN_UNGUARDED_AVAILABILITY = YES_AGGRESSIVE;
				CLANG_WARN_UNREACHABLE_CODE = YES;
				CLANG_WARN__DUPLICATE_METHOD_MATCH = YES;
				CODE_SIGN_IDENTITY = "iPhone Developer";
				COPY_PHASE_STRIP = NO;
				DEBUG_INFORMATION_FORMAT = "dwarf-with-dsym";
				ENABLE_NS_ASSERTIONS = NO;
				ENABLE_STRICT_OBJC_MSGSEND = YES;
				GCC_C_LANGUAGE_STANDARD = gnu11;
				GCC_NO_COMMON_BLOCKS = YES;
				GCC_WARN_64_TO_32_BIT_CONVERSION = YES;
				GCC_WARN_ABOUT_RETURN_TYPE = YES_ERROR;
				GCC_WARN_UNDECLARED_SELECTOR = YES;
				GCC_WARN_UNINITIALIZED_AUTOS = YES_AGGRESSIVE;
				GCC_WARN_UNUSED_FUNCTION = YES;
				GCC_WARN_UNUSED_VARIABLE = YES;
				IPHONEOS_DEPLOYMENT_TARGET = 12.0;
				MTL_ENABLE_DEBUG_INFO = NO;
				MTL_FAST_MATH = YES;
				SDKROOT = iphoneos;
				SWIFT_COMPILATION_MODE = wholemodule;
				SWIFT_OPTIMIZATION_LEVEL = "-O";
				VALIDATE_PRODUCT = YES;
			};
			name = Release;
		};
		DCBA20EA2196CAEF00261817 /* Debug */ = {
			isa = XCBuildConfiguration;
			buildSettings = {
				ASSETCATALOG_COMPILER_APPICON_NAME = AppIcon;
				CODE_SIGN_STYLE = Automatic;
				INFOPLIST_FILE = CarPooling/Info.plist;
				LD_RUNPATH_SEARCH_PATHS = (
					"$(inherited)",
					"@executable_path/Frameworks",
				);
				PRODUCT_BUNDLE_IDENTIFIER = com.carpooling.CarPooling;
				PRODUCT_NAME = "$(TARGET_NAME)";
				SWIFT_VERSION = 4.2;
				TARGETED_DEVICE_FAMILY = "1,2";
			};
			name = Debug;
		};
		DCBA20EB2196CAEF00261817 /* Release */ = {
			isa = XCBuildConfiguration;
			buildSettings = {
				ASSETCATALOG_COMPILER_APPICON_NAME = AppIcon;
				CODE_SIGN_STYLE = Automatic;
				INFOPLIST_FILE = CarPooling/Info.plist;
				LD_RUNPATH_SEARCH_PATHS = (
					"$(inherited)",
					"@executable_path/Frameworks",
				);
				PRODUCT_BUNDLE_IDENTIFIER = com.carpooling.CarPooling;
				PRODUCT_NAME = "$(TARGET_NAME)";
				SWIFT_VERSION = 4.2;
				TARGETED_DEVICE_FAMILY = "1,2";
			};
			name = Release;
		};
/* End XCBuildConfiguration section */

/* Begin XCConfigurationList section */
		DCBA20CF2196CAED00261817 /* Build configuration list for PBXProject "CarPooling" */ = {
			isa = XCConfigurationList;
			buildConfigurations = (
				DCBA20E72196CAEF00261817 /* Debug */,
				DCBA20E82196CAEF00261817 /* Release */,
			);
			defaultConfigurationIsVisible = 0;
			defaultConfigurationName = Release;
		};
		DCBA20E92196CAEF00261817 /* Build configuration list for PBXNativeTarget "CarPooling" */ = {
			isa = XCConfigurationList;
			buildConfigurations = (
				DCBA20EA2196CAEF00261817 /* Debug */,
				DCBA20EB2196CAEF00261817 /* Release */,
			);
			defaultConfigurationIsVisible = 0;
			defaultConfigurationName = Release;
		};
/* End XCConfigurationList section */

/* Begin XCVersionGroup section */
		DCBA20DE2196CAED00261817 /* CarPooling.xcdatamodeld */ = {
			isa = XCVersionGroup;
			children = (
				DCBA20DF2196CAED00261817 /* CarPooling.xcdatamodel */,
			);
			currentVersion = DCBA20DF2196CAED00261817 /* CarPooling.xcdatamodel */;
			path = CarPooling.xcdatamodeld;
			sourceTree = "<group>";
			versionGroupType = wrapper.xcdatamodel;
		};
/* End XCVersionGroup section */
	};
	rootObject = DCBA20CC2196CAED00261817 /* Project object */;
}
